
Microsoft Visual Studio Solution File, Format Version 12.00
# Visual Studio 14
VisualStudioVersion = 14.0.25123.0
MinimumVisualStudioVersion = 10.0.40219.1
Project("{FAE04EC0-301F-11D3-BF4B-00C04F79EFBC}") = "Main", "Main\Main.csproj", "{D69926C1-1CA1-4168-97D6-71415890B175}"
EndProject
Project("{FAE04EC0-301F-11D3-BF4B-00C04F79EFBC}") = "Data", "Data\Data.csproj", "{57E525F7-6733-4A3D-94DA-0ACBAAC7F274}"
EndProject
Global
	GlobalSection(SolutionConfigurationPlatforms) = preSolution
		Debug|Any CPU = Debug|Any CPU
		Release|Any CPU = Release|Any CPU
	EndGlobalSection
	GlobalSection(ProjectConfigurationPlatforms) = postSolution
		{D69926C1-1CA1-4168-97D6-71415890B175}.Debug|Any CPU.ActiveCfg = Debug|Any CPU
		{D69926C1-1CA1-4168-97D6-71415890B175}.Debug|Any CPU.Build.0 = Debug|Any CPU
		{D69926C1-1CA1-4168-97D6-71415890B175}.Release|Any CPU.ActiveCfg = Release|Any CPU
		{D69926C1-1CA1-4168-97D6-71415890B175}.Release|Any CPU.Build.0 = Release|Any CPU
		{57E525F7-6733-4A3D-94DA-0ACBAAC7F274}.Debug|Any CPU.ActiveCfg = Debug|Any CPU
		{57E525F7-6733-4A3D-94DA-0ACBAAC7F274}.Debug|Any CPU.Build.0 = Debug|Any CPU
		{57E525F7-6733-4A3D-94DA-0ACBAAC7F274}.Release|Any CPU.ActiveCfg = Release|Any CPU
		{57E525F7-6733-4A3D-94DA-0ACBAAC7F274}.Release|Any CPU.Build.0 = Release|Any CPU
	EndGlobalSection
	GlobalSection(SolutionProperties) = preSolution
		HideSolutionNode = FALSE
	EndGlobalSection
EndGlobal
